
Microsoft Visual Studio Solution File, Format Version 12.00
# Visual Studio Version 17
VisualStudioVersion = 17.0.32014.148
MinimumVisualStudioVersion = 10.0.40219.1
Project("{FAE04EC0-301F-11D3-BF4B-00C04F79EFBC}") = "Sql_Project", "Sql_Project\Sql_Project.csproj", "{DB0CEE50-DC05-4ACF-98B0-A051E2ACA482}"
EndProject
Global
	GlobalSection(SolutionConfigurationPlatforms) = preSolution
		Debug|Any CPU = Debug|Any CPU
		Release|Any CPU = Release|Any CPU
	EndGlobalSection
	GlobalSection(ProjectConfigurationPlatforms) = postSolution
		{DB0CEE50-DC05-4ACF-98B0-A051E2ACA482}.Debug|Any CPU.ActiveCfg = Debug|Any CPU
		{DB0CEE50-DC05-4ACF-98B0-A051E2ACA482}.Debug|Any CPU.Build.0 = Debug|Any CPU
		{DB0CEE50-DC05-4ACF-98B0-A051E2ACA482}.Release|Any CPU.ActiveCfg = Release|Any CPU
		{DB0CEE50-DC05-4ACF-98B0-A051E2ACA482}.Release|Any CPU.Build.0 = Release|Any CPU
	EndGlobalSection
	GlobalSection(SolutionProperties) = preSolution
		HideSolutionNode = FALSE
	EndGlobalSection
	GlobalSection(ExtensibilityGlobals) = postSolution
		SolutionGuid = {B278A352-F65A-4208-A9D2-FBA9A2C13E83}
	EndGlobalSection
EndGlobal
